
Microsoft Visual Studio Solution File, Format Version 12.00
# Visual Studio Version 17
VisualStudioVersion = 17.13.35913.81 d17.13
MinimumVisualStudioVersion = 10.0.40219.1
Project("{FAE04EC0-301F-11D3-BF4B-00C04F79EFBC}") = "LINQ", "LINQ\LINQ.csproj", "{D3082FBC-9206-4B40-8D24-B268CEF93510}"
EndProject
Global
	GlobalSection(SolutionConfigurationPlatforms) = preSolution
		Debug|Any CPU = Debug|Any CPU
		Release|Any CPU = Release|Any CPU
	EndGlobalSection
	GlobalSection(ProjectConfigurationPlatforms) = postSolution
		{D3082FBC-9206-4B40-8D24-B268CEF93510}.Debug|Any CPU.ActiveCfg = Debug|Any CPU
		{D3082FBC-9206-4B40-8D24-B268CEF93510}.Debug|Any CPU.Build.0 = Debug|Any CPU
		{D3082FBC-9206-4B40-8D24-B268CEF93510}.Release|Any CPU.ActiveCfg = Release|Any CPU
		{D3082FBC-9206-4B40-8D24-B268CEF93510}.Release|Any CPU.Build.0 = Release|Any CPU
	EndGlobalSection
	GlobalSection(SolutionProperties) = preSolution
		HideSolutionNode = FALSE
	EndGlobalSection
	GlobalSection(ExtensibilityGlobals) = postSolution
		SolutionGuid = {2037E4BD-9A0A-4D9E-BF59-4921E01C7A4A}
	EndGlobalSection
EndGlobal
